// !$*UTF8*$!
{
	archiveVersion = 1;
	classes = {
	};
	objectVersion = 56;
	objects = {

/* Begin PBXBuildFile section */
		D2D4EA902BA45ED50088A535 /* CalculatorApp.swift in Sources */ = {isa = PBXBuildFile; fileRef = D2D4EA8F2BA45ED50088A535 /* CalculatorApp.swift */; };
		D2D4EA942BA45ED60088A535 /* Assets.xcassets in Resources */ = {isa = PBXBuildFile; fileRef = D2D4EA932BA45ED60088A535 /* Assets.xcassets */; };
		D2D4EA972BA45ED60088A535 /* Preview Assets.xcassets in Resources */ = {isa = PBXBuildFile; fileRef = D2D4EA962BA45ED60088A535 /* Preview Assets.xcassets */; };
		D2D4EAA12BA45ED70088A535 /* CalculatorTests.swift in Sources */ = {isa = PBXBuildFile; fileRef = D2D4EAA02BA45ED70088A535 /* CalculatorTests.swift */; };
		D2D4EAAB2BA45ED70088A535 /* CalculatorUITests.swift in Sources */ = {isa = PBXBuildFile; fileRef = D2D4EAAA2BA45ED70088A535 /* CalculatorUITests.swift */; };
		D2D4EAAD2BA45ED70088A535 /* CalculatorUITestsLaunchTests.swift in Sources */ = {isa = PBXBuildFile; fileRef = D2D4EAAC2BA45ED70088A535 /* CalculatorUITestsLaunchTests.swift */; };
		D2D4EABA2BA45F200088A535 /* CalculatorView.swift in Sources */ = {isa = PBXBuildFile; fileRef = D2D4EAB92BA45F200088A535 /* CalculatorView.swift */; };
		D2D4EABC2BA460D30088A535 /* ButtonType.swift in Sources */ = {isa = PBXBuildFile; fileRef = D2D4EABB2BA460D30088A535 /* ButtonType.swift */; };
		D2D4EAC02BA461670088A535 /* Digit.swift in Sources */ = {isa = PBXBuildFile; fileRef = D2D4EABF2BA461670088A535 /* Digit.swift */; };
		D2D4EAC22BA461760088A535 /* ArithmeticOperation.swift in Sources */ = {isa = PBXBuildFile; fileRef = D2D4EAC12BA461760088A535 /* ArithmeticOperation.swift */; };
		D2D4EAC42BA47D2E0088A535 /* CalculatorButtonStyle.swift in Sources */ = {isa = PBXBuildFile; fileRef = D2D4EAC32BA47D2E0088A535 /* CalculatorButtonStyle.swift */; };
		D2D4EAC82BA4820C0088A535 /* CalculatorButton.swift in Sources */ = {isa = PBXBuildFile; fileRef = D2D4EAC72BA4820C0088A535 /* CalculatorButton.swift */; };
		D2D4EACA2BA483390088A535 /* Constants.swift in Sources */ = {isa = PBXBuildFile; fileRef = D2D4EAC92BA483390088A535 /* Constants.swift */; };
		D2D4EACC2BA4862B0088A535 /* Calculator.swift in Sources */ = {isa = PBXBuildFile; fileRef = D2D4EACB2BA4862B0088A535 /* Calculator.swift */; };
		D2D4EACE2BA4872F0088A535 /* CalculatorViewModel.swift in Sources */ = {isa = PBXBuildFile; fileRef = D2D4EACD2BA4872F0088A535 /* CalculatorViewModel.swift */; };
/* End PBXBuildFile section */

/* Begin PBXContainerItemProxy section */
		D2D4EA9D2BA45ED70088A535 /* PBXContainerItemProxy */ = {
			isa = PBXContainerItemProxy;
			containerPortal = D2D4EA842BA45ED50088A535 /* Project object */;
			proxyType = 1;
			remoteGlobalIDString = D2D4EA8B2BA45ED50088A535;
			remoteInfo = Calculator;
		};
		D2D4EAA72BA45ED70088A535 /* PBXContainerItemProxy */ = {
			isa = PBXContainerItemProxy;
			containerPortal = D2D4EA842BA45ED50088A535 /* Project object */;
			proxyType = 1;
			remoteGlobalIDString = D2D4EA8B2BA45ED50088A535;
			remoteInfo = Calculator;
		};
/* End PBXContainerItemProxy section */

/* Begin PBXFileReference section */
		D2D4EA8C2BA45ED50088A535 /* Calculator.app */ = {isa = PBXFileReference; explicitFileType = wrapper.application; includeInIndex = 0; path = Calculator.app; sourceTree = BUILT_PRODUCTS_DIR; };
		D2D4EA8F2BA45ED50088A535 /* CalculatorApp.swift */ = {isa = PBXFileReference; lastKnownFileType = sourcecode.swift; path = CalculatorApp.swift; sourceTree = "<group>"; };
		D2D4EA932BA45ED60088A535 /* Assets.xcassets */ = {isa = PBXFileReference; lastKnownFileType = folder.assetcatalog; path = Assets.xcassets; sourceTree = "<group>"; };
		D2D4EA962BA45ED60088A535 /* Preview Assets.xcassets */ = {isa = PBXFileReference; lastKnownFileType = folder.assetcatalog; path = "Preview Assets.xcassets"; sourceTree = "<group>"; };
		D2D4EA9C2BA45ED70088A535 /* CalculatorTests.xctest */ = {isa = PBXFileReference; explicitFileType = wrapper.cfbundle; includeInIndex = 0; path = CalculatorTests.xctest; sourceTree = BUILT_PRODUCTS_DIR; };
		D2D4EAA02BA45ED70088A535 /* CalculatorTests.swift */ = {isa = PBXFileReference; lastKnownFileType = sourcecode.swift; path = CalculatorTests.swift; sourceTree = "<group>"; };
		D2D4EAA62BA45ED70088A535 /* CalculatorUITests.xctest */ = {isa = PBXFileReference; explicitFileType = wrapper.cfbundle; includeInIndex = 0; path = CalculatorUITests.xctest; sourceTree = BUILT_PRODUCTS_DIR; };
		D2D4EAAA2BA45ED70088A535 /* CalculatorUITests.swift */ = {isa = PBXFileReference; lastKnownFileType = sourcecode.swift; path = CalculatorUITests.swift; sourceTree = "<group>"; };
		D2D4EAAC2BA45ED70088A535 /* CalculatorUITestsLaunchTests.swift */ = {isa = PBXFileReference; lastKnownFileType = sourcecode.swift; path = CalculatorUITestsLaunchTests.swift; sourceTree = "<group>"; };
		D2D4EAB92BA45F200088A535 /* CalculatorView.swift */ = {isa = PBXFileReference; lastKnownFileType = sourcecode.swift; path = CalculatorView.swift; sourceTree = "<group>"; };
		D2D4EABB2BA460D30088A535 /* ButtonType.swift */ = {isa = PBXFileReference; lastKnownFileType = sourcecode.swift; path = ButtonType.swift; sourceTree = "<group>"; };
		D2D4EABF2BA461670088A535 /* Digit.swift */ = {isa = PBXFileReference; lastKnownFileType = sourcecode.swift; path = Digit.swift; sourceTree = "<group>"; };
		D2D4EAC12BA461760088A535 /* ArithmeticOperation.swift */ = {isa = PBXFileReference; lastKnownFileType = sourcecode.swift; path = ArithmeticOperation.swift; sourceTree = "<group>"; };
		D2D4EAC32BA47D2E0088A535 /* CalculatorButtonStyle.swift */ = {isa = PBXFileReference; lastKnownFileType = sourcecode.swift; path = CalculatorButtonStyle.swift; sourceTree = "<group>"; };
		D2D4EAC72BA4820C0088A535 /* CalculatorButton.swift */ = {isa = PBXFileReference; lastKnownFileType = sourcecode.swift; path = CalculatorButton.swift; sourceTree = "<group>"; };
		D2D4EAC92BA483390088A535 /* Constants.swift */ = {isa = PBXFileReference; lastKnownFileType = sourcecode.swift; path = Constants.swift; sourceTree = "<group>"; };
		D2D4EACB2BA4862B0088A535 /* Calculator.swift */ = {isa = PBXFileReference; lastKnownFileType = sourcecode.swift; path = Calculator.swift; sourceTree = "<group>"; };
		D2D4EACD2BA4872F0088A535 /* CalculatorViewModel.swift */ = {isa = PBXFileReference; lastKnownFileType = sourcecode.swift; path = CalculatorViewModel.swift; sourceTree = "<group>"; };
/* End PBXFileReference section */

/* Begin PBXFrameworksBuildPhase section */
		D2D4EA892BA45ED50088A535 /* Frameworks */ = {
			isa = PBXFrameworksBuildPhase;
			buildActionMask = 2147483647;
			files = (
			);
			runOnlyForDeploymentPostprocessing = 0;
		};
		D2D4EA992BA45ED70088A535 /* Frameworks */ = {
			isa = PBXFrameworksBuildPhase;
			buildActionMask = 2147483647;
			files = (
			);
			runOnlyForDeploymentPostprocessing = 0;
		};
		D2D4EAA32BA45ED70088A535 /* Frameworks */ = {
			isa = PBXFrameworksBuildPhase;
			buildActionMask = 2147483647;
			files = (
			);
			runOnlyForDeploymentPostprocessing = 0;
		};
/* End PBXFrameworksBuildPhase section */

/* Begin PBXGroup section */
		D2D4EA832BA45ED50088A535 = {
			isa = PBXGroup;
			children = (
				D2D4EA8E2BA45ED50088A535 /* Calculator */,
				D2D4EA9F2BA45ED70088A535 /* CalculatorTests */,
				D2D4EAA92BA45ED70088A535 /* CalculatorUITests */,
				D2D4EA8D2BA45ED50088A535 /* Products */,
			);
			sourceTree = "<group>";
		};
		D2D4EA8D2BA45ED50088A535 /* Products */ = {
			isa = PBXGroup;
			children = (
				D2D4EA8C2BA45ED50088A535 /* Calculator.app */,
				D2D4EA9C2BA45ED70088A535 /* CalculatorTests.xctest */,
				D2D4EAA62BA45ED70088A535 /* CalculatorUITests.xctest */,
			);
			name = Products;
			sourceTree = "<group>";
		};
		D2D4EA8E2BA45ED50088A535 /* Calculator */ = {
			isa = PBXGroup;
			children = (
				D2D4EA8F2BA45ED50088A535 /* CalculatorApp.swift */,
				D2D4EA932BA45ED60088A535 /* Assets.xcassets */,
				D2D4EA952BA45ED60088A535 /* Preview Content */,
				D2D4EABE2BA461430088A535 /* Views */,
				D2D4EABD2BA461350088A535 /* Models */,
				D2D4EAC52BA47D350088A535 /* Styles */,
				D2D4EAC92BA483390088A535 /* Constants.swift */,
			);
			path = Calculator;
			sourceTree = "<group>";
		};
		D2D4EA952BA45ED60088A535 /* Preview Content */ = {
			isa = PBXGroup;
			children = (
				D2D4EA962BA45ED60088A535 /* Preview Assets.xcassets */,
			);
			path = "Preview Content";
			sourceTree = "<group>";
		};
		D2D4EA9F2BA45ED70088A535 /* CalculatorTests */ = {
			isa = PBXGroup;
			children = (
				D2D4EAA02BA45ED70088A535 /* CalculatorTests.swift */,
			);
			path = CalculatorTests;
			sourceTree = "<group>";
		};
		D2D4EAA92BA45ED70088A535 /* CalculatorUITests */ = {
			isa = PBXGroup;
			children = (
				D2D4EAAA2BA45ED70088A535 /* CalculatorUITests.swift */,
				D2D4EAAC2BA45ED70088A535 /* CalculatorUITestsLaunchTests.swift */,
			);
			path = CalculatorUITests;
			sourceTree = "<group>";
		};
		D2D4EABD2BA461350088A535 /* Models */ = {
			isa = PBXGroup;
			children = (
				D2D4EABB2BA460D30088A535 /* ButtonType.swift */,
				D2D4EABF2BA461670088A535 /* Digit.swift */,
				D2D4EAC12BA461760088A535 /* ArithmeticOperation.swift */,
				D2D4EACB2BA4862B0088A535 /* Calculator.swift */,
			);
			path = Models;
			sourceTree = "<group>";
		};
		D2D4EABE2BA461430088A535 /* Views */ = {
			isa = PBXGroup;
			children = (
				D2D4EAC62BA481FB0088A535 /* Components */,
				D2D4EAB92BA45F200088A535 /* CalculatorView.swift */,
				D2D4EACD2BA4872F0088A535 /* CalculatorViewModel.swift */,
			);
			path = Views;
			sourceTree = "<group>";
		};
		D2D4EAC52BA47D350088A535 /* Styles */ = {
			isa = PBXGroup;
			children = (
				D2D4EAC32BA47D2E0088A535 /* CalculatorButtonStyle.swift */,
			);
			path = Styles;
			sourceTree = "<group>";
		};
		D2D4EAC62BA481FB0088A535 /* Components */ = {
			isa = PBXGroup;
			children = (
				D2D4EAC72BA4820C0088A535 /* CalculatorButton.swift */,
			);
			path = Components;
			sourceTree = "<group>";
		};
/* End PBXGroup section */

/* Begin PBXNativeTarget section */
		D2D4EA8B2BA45ED50088A535 /* Calculator */ = {
			isa = PBXNativeTarget;
			buildConfigurationList = D2D4EAB02BA45ED70088A535 /* Build configuration list for PBXNativeTarget "Calculator" */;
			buildPhases = (
				D2D4EA882BA45ED50088A535 /* Sources */,
				D2D4EA892BA45ED50088A535 /* Frameworks */,
				D2D4EA8A2BA45ED50088A535 /* Resources */,
			);
			buildRules = (
			);
			dependencies = (
			);
			name = Calculator;
			productName = Calculator;
			productReference = D2D4EA8C2BA45ED50088A535 /* Calculator.app */;
			productType = "com.apple.product-type.application";
		};
		D2D4EA9B2BA45ED70088A535 /* CalculatorTests */ = {
			isa = PBXNativeTarget;
			buildConfigurationList = D2D4EAB32BA45ED70088A535 /* Build configuration list for PBXNativeTarget "CalculatorTests" */;
			buildPhases = (
				D2D4EA982BA45ED70088A535 /* Sources */,
				D2D4EA992BA45ED70088A535 /* Frameworks */,
				D2D4EA9A2BA45ED70088A535 /* Resources */,
			);
			buildRules = (
			);
			dependencies = (
				D2D4EA9E2BA45ED70088A535 /* PBXTargetDependency */,
			);
			name = CalculatorTests;
			productName = CalculatorTests;
			productReference = D2D4EA9C2BA45ED70088A535 /* CalculatorTests.xctest */;
			productType = "com.apple.product-type.bundle.unit-test";
		};
		D2D4EAA52BA45ED70088A535 /* CalculatorUITests */ = {
			isa = PBXNativeTarget;
			buildConfigurationList = D2D4EAB62BA45ED70088A535 /* Build configuration list for PBXNativeTarget "CalculatorUITests" */;
			buildPhases = (
				D2D4EAA22BA45ED70088A535 /* Sources */,
				D2D4EAA32BA45ED70088A535 /* Frameworks */,
				D2D4EAA42BA45ED70088A535 /* Resources */,
			);
			buildRules = (
			);
			dependencies = (
				D2D4EAA82BA45ED70088A535 /* PBXTargetDependency */,
			);
			name = CalculatorUITests;
			productName = CalculatorUITests;
			productReference = D2D4EAA62BA45ED70088A535 /* CalculatorUITests.xctest */;
			productType = "com.apple.product-type.bundle.ui-testing";
		};
/* End PBXNativeTarget section */

/* Begin PBXProject section */
		D2D4EA842BA45ED50088A535 /* Project object */ = {
			isa = PBXProject;
			attributes = {
				BuildIndependentTargetsInParallel = 1;
				LastSwiftUpdateCheck = 1530;
				LastUpgradeCheck = 1530;
				TargetAttributes = {
					D2D4EA8B2BA45ED50088A535 = {
						CreatedOnToolsVersion = 15.3;
					};
					D2D4EA9B2BA45ED70088A535 = {
						CreatedOnToolsVersion = 15.3;
						TestTargetID = D2D4EA8B2BA45ED50088A535;
					};
					D2D4EAA52BA45ED70088A535 = {
						CreatedOnToolsVersion = 15.3;
						TestTargetID = D2D4EA8B2BA45ED50088A535;
					};
				};
			};
			buildConfigurationList = D2D4EA872BA45ED50088A535 /* Build configuration list for PBXProject "Calculator" */;
			compatibilityVersion = "Xcode 14.0";
			developmentRegion = en;
			hasScannedForEncodings = 0;
			knownRegions = (
				en,
				Base,
			);
			mainGroup = D2D4EA832BA45ED50088A535;
			productRefGroup = D2D4EA8D2BA45ED50088A535 /* Products */;
			projectDirPath = "";
			projectRoot = "";
			targets = (
				D2D4EA8B2BA45ED50088A535 /* Calculator */,
				D2D4EA9B2BA45ED70088A535 /* CalculatorTests */,
				D2D4EAA52BA45ED70088A535 /* CalculatorUITests */,
			);
		};
/* End PBXProject section */

/* Begin PBXResourcesBuildPhase section */
		D2D4EA8A2BA45ED50088A535 /* Resources */ = {
			isa = PBXResourcesBuildPhase;
			buildActionMask = 2147483647;
			files = (
				D2D4EA972BA45ED60088A535 /* Preview Assets.xcassets in Resources */,
				D2D4EA942BA45ED60088A535 /* Assets.xcassets in Resources */,
			);
			runOnlyForDeploymentPostprocessing = 0;
		};
		D2D4EA9A2BA45ED70088A535 /* Resources */ = {
			isa = PBXResourcesBuildPhase;
			buildActionMask = 2147483647;
			files = (
			);
			runOnlyForDeploymentPostprocessing = 0;
		};
		D2D4EAA42BA45ED70088A535 /* Resources */ = {
			isa = PBXResourcesBuildPhase;
			buildActionMask = 2147483647;
			files = (
			);
			runOnlyForDeploymentPostprocessing = 0;
		};
/* End PBXResourcesBuildPhase section */

/* Begin PBXSourcesBuildPhase section */
		D2D4EA882BA45ED50088A535 /* Sources */ = {
			isa = PBXSourcesBuildPhase;
			buildActionMask = 2147483647;
			files = (
				D2D4EAC22BA461760088A535 /* ArithmeticOperation.swift in Sources */,
				D2D4EAC82BA4820C0088A535 /* CalculatorButton.swift in Sources */,
				D2D4EABA2BA45F200088A535 /* CalculatorView.swift in Sources */,
				D2D4EABC2BA460D30088A535 /* ButtonType.swift in Sources */,
				D2D4EACE2BA4872F0088A535 /* CalculatorViewModel.swift in Sources */,
				D2D4EAC42BA47D2E0088A535 /* CalculatorButtonStyle.swift in Sources */,
				D2D4EACC2BA4862B0088A535 /* Calculator.swift in Sources */,
				D2D4EA902BA45ED50088A535 /* CalculatorApp.swift in Sources */,
				D2D4EAC02BA461670088A535 /* Digit.swift in Sources */,
				D2D4EACA2BA483390088A535 /* Constants.swift in Sources */,
			);
			runOnlyForDeploymentPostprocessing = 0;
		};
		D2D4EA982BA45ED70088A535 /* Sources */ = {
			isa = PBXSourcesBuildPhase;
			buildActionMask = 2147483647;
			files = (
				D2D4EAA12BA45ED70088A535 /* CalculatorTests.swift in Sources */,
			);
			runOnlyForDeploymentPostprocessing = 0;
		};
		D2D4EAA22BA45ED70088A535 /* Sources */ = {
			isa = PBXSourcesBuildPhase;
			buildActionMask = 2147483647;
			files = (
				D2D4EAAD2BA45ED70088A535 /* CalculatorUITestsLaunchTests.swift in Sources */,
				D2D4EAAB2BA45ED70088A535 /* CalculatorUITests.swift in Sources */,
			);
			runOnlyForDeploymentPostprocessing = 0;
		};
/* End PBXSourcesBuildPhase section */

/* Begin PBXTargetDependency section */
		D2D4EA9E2BA45ED70088A535 /* PBXTargetDependency */ = {
			isa = PBXTargetDependency;
			target = D2D4EA8B2BA45ED50088A535 /* Calculator */;
			targetProxy = D2D4EA9D2BA45ED70088A535 /* PBXContainerItemProxy */;
		};
		D2D4EAA82BA45ED70088A535 /* PBXTargetDependency */ = {
			isa = PBXTargetDependency;
			target = D2D4EA8B2BA45ED50088A535 /* Calculator */;
			targetProxy = D2D4EAA72BA45ED70088A535 /* PBXContainerItemProxy */;
		};
/* End PBXTargetDependency section */

/* Begin XCBuildConfiguration section */
		D2D4EAAE2BA45ED70088A535 /* Debug */ = {
			isa = XCBuildConfiguration;
			buildSettings = {
				ALWAYS_SEARCH_USER_PATHS = NO;
				ASSETCATALOG_COMPILER_GENERATE_SWIFT_ASSET_SYMBOL_EXTENSIONS = YES;
				CLANG_ANALYZER_NONNULL = YES;
				CLANG_ANALYZER_NUMBER_OBJECT_CONVERSION = YES_AGGRESSIVE;
				CLANG_CXX_LANGUAGE_STANDARD = "gnu++20";
				CLANG_ENABLE_MODULES = YES;
				CLANG_ENABLE_OBJC_ARC = YES;
				CLANG_ENABLE_OBJC_WEAK = YES;
				CLANG_WARN_BLOCK_CAPTURE_AUTORELEASING = YES;
				CLANG_WARN_BOOL_CONVERSION = YES;
				CLANG_WARN_COMMA = YES;
				CLANG_WARN_CONSTANT_CONVERSION = YES;
				CLANG_WARN_DEPRECATED_OBJC_IMPLEMENTATIONS = YES;
				CLANG_WARN_DIRECT_OBJC_ISA_USAGE = YES_ERROR;
				CLANG_WARN_DOCUMENTATION_COMMENTS = YES;
				CLANG_WARN_EMPTY_BODY = YES;
				CLANG_WARN_ENUM_CONVERSION = YES;
				CLANG_WARN_INFINITE_RECURSION = YES;
				CLANG_WARN_INT_CONVERSION = YES;
				CLANG_WARN_NON_LITERAL_NULL_CONVERSION = YES;
				CLANG_WARN_OBJC_IMPLICIT_RETAIN_SELF = YES;
				CLANG_WARN_OBJC_LITERAL_CONVERSION = YES;
				CLANG_WARN_OBJC_ROOT_CLASS = YES_ERROR;
				CLANG_WARN_QUOTED_INCLUDE_IN_FRAMEWORK_HEADER = YES;
				CLANG_WARN_RANGE_LOOP_ANALYSIS = YES;
				CLANG_WARN_STRICT_PROTOTYPES = YES;
				CLANG_WARN_SUSPICIOUS_MOVE = YES;
				CLANG_WARN_UNGUARDED_AVAILABILITY = YES_AGGRESSIVE;
				CLANG_WARN_UNREACHABLE_CODE = YES;
				CLANG_WARN__DUPLICATE_METHOD_MATCH = YES;
				COPY_PHASE_STRIP = NO;
				DEBUG_INFORMATION_FORMAT = dwarf;
				ENABLE_STRICT_OBJC_MSGSEND = YES;
				ENABLE_TESTABILITY = YES;
				ENABLE_USER_SCRIPT_SANDBOXING = YES;
				GCC_C_LANGUAGE_STANDARD = gnu17;
				GCC_DYNAMIC_NO_PIC = NO;
				GCC_NO_COMMON_BLOCKS = YES;
				GCC_OPTIMIZATION_LEVEL = 0;
				GCC_PREPROCESSOR_DEFINITIONS = (
					"DEBUG=1",
					"$(inherited)",
				);
				GCC_WARN_64_TO_32_BIT_CONVERSION = YES;
				GCC_WARN_ABOUT_RETURN_TYPE = YES_ERROR;
				GCC_WARN_UNDECLARED_SELECTOR = YES;
				GCC_WARN_UNINITIALIZED_AUTOS = YES_AGGRESSIVE;
				GCC_WARN_UNUSED_FUNCTION = YES;
				GCC_WARN_UNUSED_VARIABLE = YES;
				IPHONEOS_DEPLOYMENT_TARGET = 17.4;
				LOCALIZATION_PREFERS_STRING_CATALOGS = YES;
				MTL_ENABLE_DEBUG_INFO = INCLUDE_SOURCE;
				MTL_FAST_MATH = YES;
				ONLY_ACTIVE_ARCH = YES;
				SDKROOT = iphoneos;
				SWIFT_ACTIVE_COMPILATION_CONDITIONS = "DEBUG $(inherited)";
				SWIFT_OPTIMIZATION_LEVEL = "-Onone";
			};
			name = Debug;
		};
		D2D4EAAF2BA45ED70088A535 /* Release */ = {
			isa = XCBuildConfiguration;
			buildSettings = {
				ALWAYS_SEARCH_USER_PATHS = NO;
				ASSETCATALOG_COMPILER_GENERATE_SWIFT_ASSET_SYMBOL_EXTENSIONS = YES;
				CLANG_ANALYZER_NONNULL = YES;
				CLANG_ANALYZER_NUMBER_OBJECT_CONVERSION = YES_AGGRESSIVE;
				CLANG_CXX_LANGUAGE_STANDARD = "gnu++20";
				CLANG_ENABLE_MODULES = YES;
				CLANG_ENABLE_OBJC_ARC = YES;
				CLANG_ENABLE_OBJC_WEAK = YES;
				CLANG_WARN_BLOCK_CAPTURE_AUTORELEASING = YES;
				CLANG_WARN_BOOL_CONVERSION = YES;
				CLANG_WARN_COMMA = YES;
				CLANG_WARN_CONSTANT_CONVERSION = YES;
				CLANG_WARN_DEPRECATED_OBJC_IMPLEMENTATIONS = YES;
				CLANG_WARN_DIRECT_OBJC_ISA_USAGE = YES_ERROR;
				CLANG_WARN_DOCUMENTATION_COMMENTS = YES;
				CLANG_WARN_EMPTY_BODY = YES;
				CLANG_WARN_ENUM_CONVERSION = YES;
				CLANG_WARN_INFINITE_RECURSION = YES;
				CLANG_WARN_INT_CONVERSION = YES;
				CLANG_WARN_NON_LITERAL_NULL_CONVERSION = YES;
				CLANG_WARN_OBJC_IMPLICIT_RETAIN_SELF = YES;
				CLANG_WARN_OBJC_LITERAL_CONVERSION = YES;
				CLANG_WARN_OBJC_ROOT_CLASS = YES_ERROR;
				CLANG_WARN_QUOTED_INCLUDE_IN_FRAMEWORK_HEADER = YES;
				CLANG_WARN_RANGE_LOOP_ANALYSIS = YES;
				CLANG_WARN_STRICT_PROTOTYPES = YES;
				CLANG_WARN_SUSPICIOUS_MOVE = YES;
				CLANG_WARN_UNGUARDED_AVAILABILITY = YES_AGGRESSIVE;
				CLANG_WARN_UNREACHABLE_CODE = YES;
				CLANG_WARN__DUPLICATE_METHOD_MATCH = YES;
				COPY_PHASE_STRIP = NO;
				DEBUG_INFORMATION_FORMAT = "dwarf-with-dsym";
				ENABLE_NS_ASSERTIONS = NO;
				ENABLE_STRICT_OBJC_MSGSEND = YES;
				ENABLE_USER_SCRIPT_SANDBOXING = YES;
				GCC_C_LANGUAGE_STANDARD = gnu17;
				GCC_NO_COMMON_BLOCKS = YES;
				GCC_WARN_64_TO_32_BIT_CONVERSION = YES;
				GCC_WARN_ABOUT_RETURN_TYPE = YES_ERROR;
				GCC_WARN_UNDECLARED_SELECTOR = YES;
				GCC_WARN_UNINITIALIZED_AUTOS = YES_AGGRESSIVE;
				GCC_WARN_UNUSED_FUNCTION = YES;
				GCC_WARN_UNUSED_VARIABLE = YES;
				IPHONEOS_DEPLOYMENT_TARGET = 17.4;
				LOCALIZATION_PREFERS_STRING_CATALOGS = YES;
				MTL_ENABLE_DEBUG_INFO = NO;
				MTL_FAST_MATH = YES;
				SDKROOT = iphoneos;
				SWIFT_COMPILATION_MODE = wholemodule;
				VALIDATE_PRODUCT = YES;
			};
			name = Release;
		};
		D2D4EAB12BA45ED70088A535 /* Debug */ = {
			isa = XCBuildConfiguration;
			buildSettings = {
				ASSETCATALOG_COMPILER_APPICON_NAME = AppIcon;
				ASSETCATALOG_COMPILER_GLOBAL_ACCENT_COLOR_NAME = AccentColor;
				CODE_SIGN_STYLE = Automatic;
				CURRENT_PROJECT_VERSION = 1;
				DEVELOPMENT_ASSET_PATHS = "\"Calculator/Preview Content\"";
				ENABLE_PREVIEWS = YES;
				GENERATE_INFOPLIST_FILE = YES;
				INFOPLIST_KEY_UIApplicationSceneManifest_Generation = YES;
				INFOPLIST_KEY_UIApplicationSupportsIndirectInputEvents = YES;
				INFOPLIST_KEY_UILaunchScreen_Generation = YES;
				INFOPLIST_KEY_UISupportedInterfaceOrientations_iPad = "UIInterfaceOrientationPortrait UIInterfaceOrientationPortraitUpsideDown UIInterfaceOrientationLandscapeLeft UIInterfaceOrientationLandscapeRight";
				INFOPLIST_KEY_UISupportedInterfaceOrientations_iPhone = "UIInterfaceOrientationPortrait UIInterfaceOrientationLandscapeLeft UIInterfaceOrientationLandscapeRight";
				LD_RUNPATH_SEARCH_PATHS = (
					"$(inherited)",
					"@executable_path/Frameworks",
				);
				MARKETING_VERSION = 1.0;
				PRODUCT_BUNDLE_IDENTIFIER = lpodevco.Calculator;
				PRODUCT_NAME = "$(TARGET_NAME)";
				SWIFT_EMIT_LOC_STRINGS = YES;
				SWIFT_VERSION = 5.0;
				TARGETED_DEVICE_FAMILY = "1,2";
			};
			name = Debug;
		};
		D2D4EAB22BA45ED70088A535 /* Release */ = {
			isa = XCBuildConfiguration;
			buildSettings = {
				ASSETCATALOG_COMPILER_APPICON_NAME = AppIcon;
				ASSETCATALOG_COMPILER_GLOBAL_ACCENT_COLOR_NAME = AccentColor;
				CODE_SIGN_STYLE = Automatic;
				CURRENT_PROJECT_VERSION = 1;
				DEVELOPMENT_ASSET_PATHS = "\"Calculator/Preview Content\"";
				ENABLE_PREVIEWS = YES;
				GENERATE_INFOPLIST_FILE = YES;
				INFOPLIST_KEY_UIApplicationSceneManifest_Generation = YES;
				INFOPLIST_KEY_UIApplicationSupportsIndirectInputEvents = YES;
				INFOPLIST_KEY_UILaunchScreen_Generation = YES;
				INFOPLIST_KEY_UISupportedInterfaceOrientations_iPad = "UIInterfaceOrientationPortrait UIInterfaceOrientationPortraitUpsideDown UIInterfaceOrientationLandscapeLeft UIInterfaceOrientationLandscapeRight";
				INFOPLIST_KEY_UISupportedInterfaceOrientations_iPhone = "UIInterfaceOrientationPortrait UIInterfaceOrientationLandscapeLeft UIInterfaceOrientationLandscapeRight";
				LD_RUNPATH_SEARCH_PATHS = (
					"$(inherited)",
					"@executable_path/Frameworks",
				);
				MARKETING_VERSION = 1.0;
				PRODUCT_BUNDLE_IDENTIFIER = lpodevco.Calculator;
				PRODUCT_NAME = "$(TARGET_NAME)";
				SWIFT_EMIT_LOC_STRINGS = YES;
				SWIFT_VERSION = 5.0;
				TARGETED_DEVICE_FAMILY = "1,2";
			};
			name = Release;
		};
		D2D4EAB42BA45ED70088A535 /* Debug */ = {
			isa = XCBuildConfiguration;
			buildSettings = {
				ALWAYS_EMBED_SWIFT_STANDARD_LIBRARIES = YES;
				BUNDLE_LOADER = "$(TEST_HOST)";
				CODE_SIGN_STYLE = Automatic;
				CURRENT_PROJECT_VERSION = 1;
				GENERATE_INFOPLIST_FILE = YES;
				IPHONEOS_DEPLOYMENT_TARGET = 17.4;
				MARKETING_VERSION = 1.0;
				PRODUCT_BUNDLE_IDENTIFIER = lpodevco.CalculatorTests;
				PRODUCT_NAME = "$(TARGET_NAME)";
				SWIFT_EMIT_LOC_STRINGS = NO;
				SWIFT_VERSION = 5.0;
				TARGETED_DEVICE_FAMILY = "1,2";
				TEST_HOST = "$(BUILT_PRODUCTS_DIR)/Calculator.app/$(BUNDLE_EXECUTABLE_FOLDER_PATH)/Calculator";
			};
			name = Debug;
		};
		D2D4EAB52BA45ED70088A535 /* Release */ = {
			isa = XCBuildConfiguration;
			buildSettings = {
				ALWAYS_EMBED_SWIFT_STANDARD_LIBRARIES = YES;
				BUNDLE_LOADER = "$(TEST_HOST)";
				CODE_SIGN_STYLE = Automatic;
				CURRENT_PROJECT_VERSION = 1;
				GENERATE_INFOPLIST_FILE = YES;
				IPHONEOS_DEPLOYMENT_TARGET = 17.4;
				MARKETING_VERSION = 1.0;
				PRODUCT_BUNDLE_IDENTIFIER = lpodevco.CalculatorTests;
				PRODUCT_NAME = "$(TARGET_NAME)";
				SWIFT_EMIT_LOC_STRINGS = NO;
				SWIFT_VERSION = 5.0;
				TARGETED_DEVICE_FAMILY = "1,2";
				TEST_HOST = "$(BUILT_PRODUCTS_DIR)/Calculator.app/$(BUNDLE_EXECUTABLE_FOLDER_PATH)/Calculator";
			};
			name = Release;
		};
		D2D4EAB72BA45ED70088A535 /* Debug */ = {
			isa = XCBuildConfiguration;
			buildSettings = {
				ALWAYS_EMBED_SWIFT_STANDARD_LIBRARIES = YES;
				CODE_SIGN_STYLE = Automatic;
				CURRENT_PROJECT_VERSION = 1;
				GENERATE_INFOPLIST_FILE = YES;
				MARKETING_VERSION = 1.0;
				PRODUCT_BUNDLE_IDENTIFIER = lpodevco.CalculatorUITests;
				PRODUCT_NAME = "$(TARGET_NAME)";
				SWIFT_EMIT_LOC_STRINGS = NO;
				SWIFT_VERSION = 5.0;
				TARGETED_DEVICE_FAMILY = "1,2";
				TEST_TARGET_NAME = Calculator;
			};
			name = Debug;
		};
		D2D4EAB82BA45ED70088A535 /* Release */ = {
			isa = XCBuildConfiguration;
			buildSettings = {
				ALWAYS_EMBED_SWIFT_STANDARD_LIBRARIES = YES;
				CODE_SIGN_STYLE = Automatic;
				CURRENT_PROJECT_VERSION = 1;
				GENERATE_INFOPLIST_FILE = YES;
				MARKETING_VERSION = 1.0;
				PRODUCT_BUNDLE_IDENTIFIER = lpodevco.CalculatorUITests;
				PRODUCT_NAME = "$(TARGET_NAME)";
				SWIFT_EMIT_LOC_STRINGS = NO;
				SWIFT_VERSION = 5.0;
				TARGETED_DEVICE_FAMILY = "1,2";
				TEST_TARGET_NAME = Calculator;
			};
			name = Release;
		};
/* End XCBuildConfiguration section */

/* Begin XCConfigurationList section */
		D2D4EA872BA45ED50088A535 /* Build configuration list for PBXProject "Calculator" */ = {
			isa = XCConfigurationList;
			buildConfigurations = (
				D2D4EAAE2BA45ED70088A535 /* Debug */,
				D2D4EAAF2BA45ED70088A535 /* Release */,
			);
			defaultConfigurationIsVisible = 0;
			defaultConfigurationName = Release;
		};
		D2D4EAB02BA45ED70088A535 /* Build configuration list for PBXNativeTarget "Calculator" */ = {
			isa = XCConfigurationList;
			buildConfigurations = (
				D2D4EAB12BA45ED70088A535 /* Debug */,
				D2D4EAB22BA45ED70088A535 /* Release */,
			);
			defaultConfigurationIsVisible = 0;
			defaultConfigurationName = Release;
		};
		D2D4EAB32BA45ED70088A535 /* Build configuration list for PBXNativeTarget "CalculatorTests" */ = {
			isa = XCConfigurationList;
			buildConfigurations = (
				D2D4EAB42BA45ED70088A535 /* Debug */,
				D2D4EAB52BA45ED70088A535 /* Release */,
			);
			defaultConfigurationIsVisible = 0;
			defaultConfigurationName = Release;
		};
		D2D4EAB62BA45ED70088A535 /* Build configuration list for PBXNativeTarget "CalculatorUITests" */ = {
			isa = XCConfigurationList;
			buildConfigurations = (
				D2D4EAB72BA45ED70088A535 /* Debug */,
				D2D4EAB82BA45ED70088A535 /* Release */,
			);
			defaultConfigurationIsVisible = 0;
			defaultConfigurationName = Release;
		};
/* End XCConfigurationList section */
	};
	rootObject = D2D4EA842BA45ED50088A535 /* Project object */;
}
